// !$*UTF8*$!
{
	archiveVersion = 1;
	classes = {
	};
	objectVersion = 50;
	objects = {

/* Begin PBXBuildFile section */
		83DD59C125CAC99D00FEAD04 /* AppDelegate.swift in Sources */ = {isa = PBXBuildFile; fileRef = 83DD59C025CAC99D00FEAD04 /* AppDelegate.swift */; };
		83DD59C325CAC99D00FEAD04 /* SceneDelegate.swift in Sources */ = {isa = PBXBuildFile; fileRef = 83DD59C225CAC99D00FEAD04 /* SceneDelegate.swift */; };
		83DD59C825CAC99D00FEAD04 /* Main.storyboard in Resources */ = {isa = PBXBuildFile; fileRef = 83DD59C625CAC99D00FEAD04 /* Main.storyboard */; };
		83DD59CA25CAC99F00FEAD04 /* Assets.xcassets in Resources */ = {isa = PBXBuildFile; fileRef = 83DD59C925CAC99F00FEAD04 /* Assets.xcassets */; };
		83DD59CD25CAC99F00FEAD04 /* LaunchScreen.storyboard in Resources */ = {isa = PBXBuildFile; fileRef = 83DD59CB25CAC99F00FEAD04 /* LaunchScreen.storyboard */; };
		83DD59DC25CACAEF00FEAD04 /* TableViewController.swift in Sources */ = {isa = PBXBuildFile; fileRef = 83DD59DB25CACAEF00FEAD04 /* TableViewController.swift */; };
		83DD59E325CACFE500FEAD04 /* TrackListTableViewController.swift in Sources */ = {isa = PBXBuildFile; fileRef = 83DD59E225CACFE500FEAD04 /* TrackListTableViewController.swift */; };
		83DD59E625CACFF400FEAD04 /* DetailViewController.swift in Sources */ = {isa = PBXBuildFile; fileRef = 83DD59E525CACFF400FEAD04 /* DetailViewController.swift */; };
		83DD59E925CAD17C00FEAD04 /* song.swift in Sources */ = {isa = PBXBuildFile; fileRef = 83DD59E825CAD17C00FEAD04 /* song.swift */; };
		83DD59EC25CAD20500FEAD04 /* DataManager.swift in Sources */ = {isa = PBXBuildFile; fileRef = 83DD59EB25CAD20500FEAD04 /* DataManager.swift */; };
/* End PBXBuildFile section */

/* Begin PBXFileReference section */
		83DD59BD25CAC99D00FEAD04 /* TrackLists.app */ = {isa = PBXFileReference; explicitFileType = wrapper.application; includeInIndex = 0; path = TrackLists.app; sourceTree = BUILT_PRODUCTS_DIR; };
		83DD59C025CAC99D00FEAD04 /* AppDelegate.swift */ = {isa = PBXFileReference; lastKnownFileType = sourcecode.swift; path = AppDelegate.swift; sourceTree = "<group>"; };
		83DD59C225CAC99D00FEAD04 /* SceneDelegate.swift */ = {isa = PBXFileReference; lastKnownFileType = sourcecode.swift; path = SceneDelegate.swift; sourceTree = "<group>"; };
		83DD59C725CAC99D00FEAD04 /* Base */ = {isa = PBXFileReference; lastKnownFileType = file.storyboard; name = Base; path = Base.lproj/Main.storyboard; sourceTree = "<group>"; };
		83DD59C925CAC99F00FEAD04 /* Assets.xcassets */ = {isa = PBXFileReference; lastKnownFileType = folder.assetcatalog; path = Assets.xcassets; sourceTree = "<group>"; };
		83DD59CC25CAC99F00FEAD04 /* Base */ = {isa = PBXFileReference; lastKnownFileType = file.storyboard; name = Base; path = Base.lproj/LaunchScreen.storyboard; sourceTree = "<group>"; };
		83DD59CE25CAC99F00FEAD04 /* Info.plist */ = {isa = PBXFileReference; lastKnownFileType = text.plist.xml; path = Info.plist; sourceTree = "<group>"; };
		83DD59DB25CACAEF00FEAD04 /* TableViewController.swift */ = {isa = PBXFileReference; lastKnownFileType = sourcecode.swift; path = TableViewController.swift; sourceTree = "<group>"; };
		83DD59E225CACFE500FEAD04 /* TrackListTableViewController.swift */ = {isa = PBXFileReference; lastKnownFileType = sourcecode.swift; path = TrackListTableViewController.swift; sourceTree = "<group>"; };
		83DD59E525CACFF400FEAD04 /* DetailViewController.swift */ = {isa = PBXFileReference; lastKnownFileType = sourcecode.swift; path = DetailViewController.swift; sourceTree = "<group>"; };
		83DD59E825CAD17C00FEAD04 /* song.swift */ = {isa = PBXFileReference; lastKnownFileType = sourcecode.swift; path = song.swift; sourceTree = "<group>"; };
		83DD59EB25CAD20500FEAD04 /* DataManager.swift */ = {isa = PBXFileReference; lastKnownFileType = sourcecode.swift; path = DataManager.swift; sourceTree = "<group>"; };
/* End PBXFileReference section */

/* Begin PBXFrameworksBuildPhase section */
		83DD59BA25CAC99D00FEAD04 /* Frameworks */ = {
			isa = PBXFrameworksBuildPhase;
			buildActionMask = 2147483647;
			files = (
			);
			runOnlyForDeploymentPostprocessing = 0;
		};
/* End PBXFrameworksBuildPhase section */

/* Begin PBXGroup section */
		83DD59B425CAC99D00FEAD04 = {
			isa = PBXGroup;
			children = (
				83DD59BF25CAC99D00FEAD04 /* TrackLists */,
				83DD59BE25CAC99D00FEAD04 /* Products */,
			);
			sourceTree = "<group>";
		};
		83DD59BE25CAC99D00FEAD04 /* Products */ = {
			isa = PBXGroup;
			children = (
				83DD59BD25CAC99D00FEAD04 /* TrackLists.app */,
			);
			name = Products;
			sourceTree = "<group>";
		};
		83DD59BF25CAC99D00FEAD04 /* TrackLists */ = {
			isa = PBXGroup;
			children = (
				83DD59D525CAC9C500FEAD04 /* delegate */,
				83DD59DA25CACA3600FEAD04 /* ModelManager */,
				83DD59D925CACA1B00FEAD04 /* Model */,
				83DD59D725CAC9F600FEAD04 /* view */,
				83DD59D825CACA0600FEAD04 /* Controllers */,
				83DD59C925CAC99F00FEAD04 /* Assets.xcassets */,
				83DD59CE25CAC99F00FEAD04 /* Info.plist */,
			);
			path = TrackLists;
			sourceTree = "<group>";
		};
		83DD59D525CAC9C500FEAD04 /* delegate */ = {
			isa = PBXGroup;
			children = (
				83DD59C025CAC99D00FEAD04 /* AppDelegate.swift */,
				83DD59C225CAC99D00FEAD04 /* SceneDelegate.swift */,
			);
			path = delegate;
			sourceTree = "<group>";
		};
		83DD59D725CAC9F600FEAD04 /* view */ = {
			isa = PBXGroup;
			children = (
				83DD59CB25CAC99F00FEAD04 /* LaunchScreen.storyboard */,
				83DD59C625CAC99D00FEAD04 /* Main.storyboard */,
			);
			path = view;
			sourceTree = "<group>";
		};
		83DD59D825CACA0600FEAD04 /* Controllers */ = {
			isa = PBXGroup;
			children = (
				83DD59DB25CACAEF00FEAD04 /* TableViewController.swift */,
				83DD59E225CACFE500FEAD04 /* TrackListTableViewController.swift */,
				83DD59E525CACFF400FEAD04 /* DetailViewController.swift */,
			);
			path = Controllers;
			sourceTree = "<group>";
		};
		83DD59D925CACA1B00FEAD04 /* Model */ = {
			isa = PBXGroup;
			children = (
				83DD59E825CAD17C00FEAD04 /* song.swift */,
			);
			path = Model;
			sourceTree = "<group>";
		};
		83DD59DA25CACA3600FEAD04 /* ModelManager */ = {
			isa = PBXGroup;
			children = (
				83DD59EB25CAD20500FEAD04 /* DataManager.swift */,
			);
			path = ModelManager;
			sourceTree = "<group>";
		};
/* End PBXGroup section */

/* Begin PBXNativeTarget section */
		83DD59BC25CAC99D00FEAD04 /* TrackLists */ = {
			isa = PBXNativeTarget;
			buildConfigurationList = 83DD59D125CAC99F00FEAD04 /* Build configuration list for PBXNativeTarget "TrackLists" */;
			buildPhases = (
				83DD59B925CAC99D00FEAD04 /* Sources */,
				83DD59BA25CAC99D00FEAD04 /* Frameworks */,
				83DD59BB25CAC99D00FEAD04 /* Resources */,
			);
			buildRules = (
			);
			dependencies = (
			);
			name = TrackLists;
			productName = TrackLists;
			productReference = 83DD59BD25CAC99D00FEAD04 /* TrackLists.app */;
			productType = "com.apple.product-type.application";
		};
/* End PBXNativeTarget section */

/* Begin PBXProject section */
		83DD59B525CAC99D00FEAD04 /* Project object */ = {
			isa = PBXProject;
			attributes = {
				LastSwiftUpdateCheck = 1230;
				LastUpgradeCheck = 1230;
				TargetAttributes = {
					83DD59BC25CAC99D00FEAD04 = {
						CreatedOnToolsVersion = 12.3;
					};
				};
			};
			buildConfigurationList = 83DD59B825CAC99D00FEAD04 /* Build configuration list for PBXProject "TrackLists" */;
			compatibilityVersion = "Xcode 9.3";
			developmentRegion = en;
			hasScannedForEncodings = 0;
			knownRegions = (
				en,
				Base,
			);
			mainGroup = 83DD59B425CAC99D00FEAD04;
			productRefGroup = 83DD59BE25CAC99D00FEAD04 /* Products */;
			projectDirPath = "";
			projectRoot = "";
			targets = (
				83DD59BC25CAC99D00FEAD04 /* TrackLists */,
			);
		};
/* End PBXProject section */

/* Begin PBXResourcesBuildPhase section */
		83DD59BB25CAC99D00FEAD04 /* Resources */ = {
			isa = PBXResourcesBuildPhase;
			buildActionMask = 2147483647;
			files = (
				83DD59CD25CAC99F00FEAD04 /* LaunchScreen.storyboard in Resources */,
				83DD59CA25CAC99F00FEAD04 /* Assets.xcassets in Resources */,
				83DD59C825CAC99D00FEAD04 /* Main.storyboard in Resources */,
			);
			runOnlyForDeploymentPostprocessing = 0;
		};
/* End PBXResourcesBuildPhase section */

/* Begin PBXSourcesBuildPhase section */
		83DD59B925CAC99D00FEAD04 /* Sources */ = {
			isa = PBXSourcesBuildPhase;
			buildActionMask = 2147483647;
			files = (
				83DD59C125CAC99D00FEAD04 /* AppDelegate.swift in Sources */,
				83DD59EC25CAD20500FEAD04 /* DataManager.swift in Sources */,
				83DD59E325CACFE500FEAD04 /* TrackListTableViewController.swift in Sources */,
				83DD59DC25CACAEF00FEAD04 /* TableViewController.swift in Sources */,
				83DD59E925CAD17C00FEAD04 /* song.swift in Sources */,
				83DD59E625CACFF400FEAD04 /* DetailViewController.swift in Sources */,
				83DD59C325CAC99D00FEAD04 /* SceneDelegate.swift in Sources */,
			);
			runOnlyForDeploymentPostprocessing = 0;
		};
/* End PBXSourcesBuildPhase section */

/* Begin PBXVariantGroup section */
		83DD59C625CAC99D00FEAD04 /* Main.storyboard */ = {
			isa = PBXVariantGroup;
			children = (
				83DD59C725CAC99D00FEAD04 /* Base */,
			);
			name = Main.storyboard;
			sourceTree = "<group>";
		};
		83DD59CB25CAC99F00FEAD04 /* LaunchScreen.storyboard */ = {
			isa = PBXVariantGroup;
			children = (
				83DD59CC25CAC99F00FEAD04 /* Base */,
			);
			name = LaunchScreen.storyboard;
			sourceTree = "<group>";
		};
/* End PBXVariantGroup section */

/* Begin XCBuildConfiguration section */
		83DD59CF25CAC99F00FEAD04 /* Debug */ = {
			isa = XCBuildConfiguration;
			buildSettings = {
				ALWAYS_SEARCH_USER_PATHS = NO;
				CLANG_ANALYZER_NONNULL = YES;
				CLANG_ANALYZER_NUMBER_OBJECT_CONVERSION = YES_AGGRESSIVE;
				CLANG_CXX_LANGUAGE_STANDARD = "gnu++14";
				CLANG_CXX_LIBRARY = "libc++";
				CLANG_ENABLE_MODULES = YES;
				CLANG_ENABLE_OBJC_ARC = YES;
				CLANG_ENABLE_OBJC_WEAK = YES;
				CLANG_WARN_BLOCK_CAPTURE_AUTORELEASING = YES;
				CLANG_WARN_BOOL_CONVERSION = YES;
				CLANG_WARN_COMMA = YES;
				CLANG_WARN_CONSTANT_CONVERSION = YES;
				CLANG_WARN_DEPRECATED_OBJC_IMPLEMENTATIONS = YES;
				CLANG_WARN_DIRECT_OBJC_ISA_USAGE = YES_ERROR;
				CLANG_WARN_DOCUMENTATION_COMMENTS = YES;
				CLANG_WARN_EMPTY_BODY = YES;
				CLANG_WARN_ENUM_CONVERSION = YES;
				CLANG_WARN_INFINITE_RECURSION = YES;
				CLANG_WARN_INT_CONVERSION = YES;
				CLANG_WARN_NON_LITERAL_NULL_CONVERSION = YES;
				CLANG_WARN_OBJC_IMPLICIT_RETAIN_SELF = YES;
				CLANG_WARN_OBJC_LITERAL_CONVERSION = YES;
				CLANG_WARN_OBJC_ROOT_CLASS = YES_ERROR;
				CLANG_WARN_QUOTED_INCLUDE_IN_FRAMEWORK_HEADER = YES;
				CLANG_WARN_RANGE_LOOP_ANALYSIS = YES;
				CLANG_WARN_STRICT_PROTOTYPES = YES;
				CLANG_WARN_SUSPICIOUS_MOVE = YES;
				CLANG_WARN_UNGUARDED_AVAILABILITY = YES_AGGRESSIVE;
				CLANG_WARN_UNREACHABLE_CODE = YES;
				CLANG_WARN__DUPLICATE_METHOD_MATCH = YES;
				COPY_PHASE_STRIP = NO;
				DEBUG_INFORMATION_FORMAT = dwarf;
				ENABLE_STRICT_OBJC_MSGSEND = YES;
				ENABLE_TESTABILITY = YES;
				GCC_C_LANGUAGE_STANDARD = gnu11;
				GCC_DYNAMIC_NO_PIC = NO;
				GCC_NO_COMMON_BLOCKS = YES;
				GCC_OPTIMIZATION_LEVEL = 0;
				GCC_PREPROCESSOR_DEFINITIONS = (
					"DEBUG=1",
					"$(inherited)",
				);
				GCC_WARN_64_TO_32_BIT_CONVERSION = YES;
				GCC_WARN_ABOUT_RETURN_TYPE = YES_ERROR;
				GCC_WARN_UNDECLARED_SELECTOR = YES;
				GCC_WARN_UNINITIALIZED_AUTOS = YES_AGGRESSIVE;
				GCC_WARN_UNUSED_FUNCTION = YES;
				GCC_WARN_UNUSED_VARIABLE = YES;
				IPHONEOS_DEPLOYMENT_TARGET = 14.3;
				MTL_ENABLE_DEBUG_INFO = INCLUDE_SOURCE;
				MTL_FAST_MATH = YES;
				ONLY_ACTIVE_ARCH = YES;
				SDKROOT = iphoneos;
				SWIFT_ACTIVE_COMPILATION_CONDITIONS = DEBUG;
				SWIFT_OPTIMIZATION_LEVEL = "-Onone";
			};
			name = Debug;
		};
		83DD59D025CAC99F00FEAD04 /* Release */ = {
			isa = XCBuildConfiguration;
			buildSettings = {
				ALWAYS_SEARCH_USER_PATHS = NO;
				CLANG_ANALYZER_NONNULL = YES;
				CLANG_ANALYZER_NUMBER_OBJECT_CONVERSION = YES_AGGRESSIVE;
				CLANG_CXX_LANGUAGE_STANDARD = "gnu++14";
				CLANG_CXX_LIBRARY = "libc++";
				CLANG_ENABLE_MODULES = YES;
				CLANG_ENABLE_OBJC_ARC = YES;
				CLANG_ENABLE_OBJC_WEAK = YES;
				CLANG_WARN_BLOCK_CAPTURE_AUTORELEASING = YES;
				CLANG_WARN_BOOL_CONVERSION = YES;
				CLANG_WARN_COMMA = YES;
				CLANG_WARN_CONSTANT_CONVERSION = YES;
				CLANG_WARN_DEPRECATED_OBJC_IMPLEMENTATIONS = YES;
				CLANG_WARN_DIRECT_OBJC_ISA_USAGE = YES_ERROR;
				CLANG_WARN_DOCUMENTATION_COMMENTS = YES;
				CLANG_WARN_EMPTY_BODY = YES;
				CLANG_WARN_ENUM_CONVERSION = YES;
				CLANG_WARN_INFINITE_RECURSION = YES;
				CLANG_WARN_INT_CONVERSION = YES;
				CLANG_WARN_NON_LITERAL_NULL_CONVERSION = YES;
				CLANG_WARN_OBJC_IMPLICIT_RETAIN_SELF = YES;
				CLANG_WARN_OBJC_LITERAL_CONVERSION = YES;
				CLANG_WARN_OBJC_ROOT_CLASS = YES_ERROR;
				CLANG_WARN_QUOTED_INCLUDE_IN_FRAMEWORK_HEADER = YES;
				CLANG_WARN_RANGE_LOOP_ANALYSIS = YES;
				CLANG_WARN_STRICT_PROTOTYPES = YES;
				CLANG_WARN_SUSPICIOUS_MOVE = YES;
				CLANG_WARN_UNGUARDED_AVAILABILITY = YES_AGGRESSIVE;
				CLANG_WARN_UNREACHABLE_CODE = YES;
				CLANG_WARN__DUPLICATE_METHOD_MATCH = YES;
				COPY_PHASE_STRIP = NO;
				DEBUG_INFORMATION_FORMAT = "dwarf-with-dsym";
				ENABLE_NS_ASSERTIONS = NO;
				ENABLE_STRICT_OBJC_MSGSEND = YES;
				GCC_C_LANGUAGE_STANDARD = gnu11;
				GCC_NO_COMMON_BLOCKS = YES;
				GCC_WARN_64_TO_32_BIT_CONVERSION = YES;
				GCC_WARN_ABOUT_RETURN_TYPE = YES_ERROR;
				GCC_WARN_UNDECLARED_SELECTOR = YES;
				GCC_WARN_UNINITIALIZED_AUTOS = YES_AGGRESSIVE;
				GCC_WARN_UNUSED_FUNCTION = YES;
				GCC_WARN_UNUSED_VARIABLE = YES;
				IPHONEOS_DEPLOYMENT_TARGET = 14.3;
				MTL_ENABLE_DEBUG_INFO = NO;
				MTL_FAST_MATH = YES;
				SDKROOT = iphoneos;
				SWIFT_COMPILATION_MODE = wholemodule;
				SWIFT_OPTIMIZATION_LEVEL = "-O";
				VALIDATE_PRODUCT = YES;
			};
			name = Release;
		};
		83DD59D225CAC99F00FEAD04 /* Debug */ = {
			isa = XCBuildConfiguration;
			buildSettings = {
				ASSETCATALOG_COMPILER_APPICON_NAME = AppIcon;
				ASSETCATALOG_COMPILER_GLOBAL_ACCENT_COLOR_NAME = AccentColor;
				CODE_SIGN_STYLE = Automatic;
				DEVELOPMENT_TEAM = DYBWA45MRH;
				INFOPLIST_FILE = TrackLists/Info.plist;
				LD_RUNPATH_SEARCH_PATHS = (
					"$(inherited)",
					"@executable_path/Frameworks",
				);
				PRODUCT_BUNDLE_IDENTIFIER = lv.accenture.bootcamps.TrackLists;
				PRODUCT_NAME = "$(TARGET_NAME)";
				SWIFT_VERSION = 5.0;
				TARGETED_DEVICE_FAMILY = "1,2";
			};
			name = Debug;
		};
		83DD59D325CAC99F00FEAD04 /* Release */ = {
			isa = XCBuildConfiguration;
			buildSettings = {
				ASSETCATALOG_COMPILER_APPICON_NAME = AppIcon;
				ASSETCATALOG_COMPILER_GLOBAL_ACCENT_COLOR_NAME = AccentColor;
				CODE_SIGN_STYLE = Automatic;
				DEVELOPMENT_TEAM = DYBWA45MRH;
				INFOPLIST_FILE = TrackLists/Info.plist;
				LD_RUNPATH_SEARCH_PATHS = (
					"$(inherited)",
					"@executable_path/Frameworks",
				);
				PRODUCT_BUNDLE_IDENTIFIER = lv.accenture.bootcamps.TrackLists;
				PRODUCT_NAME = "$(TARGET_NAME)";
				SWIFT_VERSION = 5.0;
				TARGETED_DEVICE_FAMILY = "1,2";
			};
			name = Release;
		};
/* End XCBuildConfiguration section */

/* Begin XCConfigurationList section */
		83DD59B825CAC99D00FEAD04 /* Build configuration list for PBXProject "TrackLists" */ = {
			isa = XCConfigurationList;
			buildConfigurations = (
				83DD59CF25CAC99F00FEAD04 /* Debug */,
				83DD59D025CAC99F00FEAD04 /* Release */,
			);
			defaultConfigurationIsVisible = 0;
			defaultConfigurationName = Release;
		};
		83DD59D125CAC99F00FEAD04 /* Build configuration list for PBXNativeTarget "TrackLists" */ = {
			isa = XCConfigurationList;
			buildConfigurations = (
				83DD59D225CAC99F00FEAD04 /* Debug */,
				83DD59D325CAC99F00FEAD04 /* Release */,
			);
			defaultConfigurationIsVisible = 0;
			defaultConfigurationName = Release;
		};
/* End XCConfigurationList section */
	};
	rootObject = 83DD59B525CAC99D00FEAD04 /* Project object */;
}
